
Microsoft Visual Studio Solution File, Format Version 12.00
# Visual Studio 15
VisualStudioVersion = 15.0.28307.852
MinimumVisualStudioVersion = 10.0.40219.1
Project("{FAE04EC0-301F-11D3-BF4B-00C04F79EFBC}") = "FoodOrderSystem.BL", "FoodOrderSystem.BL\FoodOrderSystem.BL.csproj", "{0ABCC323-4931-4080-A01C-472D8CCB0DB0}"
EndProject
Project("{FAE04EC0-301F-11D3-BF4B-00C04F79EFBC}") = "FoodOrderSystem.BL.Models", "FoodOrderSystem.BL.Models\FoodOrderSystem.BL.Models.csproj", "{F3DDC828-962B-46A6-94BA-22645CD5A2D6}"
EndProject
Project("{00D1A9C2-B5F0-4AF3-8072-F6C62B433612}") = "FoodOrderSystem.DB", "FoodOrderSystem.DB\FoodOrderSystem.DB.sqlproj", "{DC4FCB6E-212B-474C-AD02-3C88D0C7533F}"
EndProject
Project("{FAE04EC0-301F-11D3-BF4B-00C04F79EFBC}") = "FoodOrderSystem.BL.Test", "FoodOrderSystem.BL.Test\FoodOrderSystem.BL.Test.csproj", "{4A20ED31-9E78-48E1-81A8-5DFC97A78347}"
EndProject
Project("{FAE04EC0-301F-11D3-BF4B-00C04F79EFBC}") = "FoodOrderSystem.PL", "FoodOrderSystem.PL\FoodOrderSystem.PL.csproj", "{FEF5D744-483C-4FA3-A546-0FE1C604F996}"
EndProject
Project("{FAE04EC0-301F-11D3-BF4B-00C04F79EFBC}") = "FoodOrderSystem.PL.Test", "FoodOrderSystem.PL.Test\FoodOrderSystem.PL.Test.csproj", "{4B1EF412-5212-4E1A-A00E-0D160504038A}"
EndProject
Project("{FAE04EC0-301F-11D3-BF4B-00C04F79EFBC}") = "FoodOrderSystem.API", "FoodOrderSystem.API\FoodOrderSystem.API.csproj", "{29FF26DA-DA70-400B-B627-336600960E39}"
EndProject
Project("{FAE04EC0-301F-11D3-BF4B-00C04F79EFBC}") = "FoodOrderSystem.Xamarin.Android", "FoodOrderSystem.Xamarin\FoodOrderSystem.Xamarin.Android\FoodOrderSystem.Xamarin.Android.csproj", "{21ED36F3-921B-4615-AE9C-4151BB15A7F9}"
EndProject
Project("{FAE04EC0-301F-11D3-BF4B-00C04F79EFBC}") = "FoodOrderSystem.Xamarin.iOS", "FoodOrderSystem.Xamarin\FoodOrderSystem.Xamarin.iOS\FoodOrderSystem.Xamarin.iOS.csproj", "{B3C72B45-2B89-48AE-89A2-53CDFE4C52EA}"
EndProject
Project("{FAE04EC0-301F-11D3-BF4B-00C04F79EFBC}") = "FoodOrderSystem.Xamarin", "FoodOrderSystem.Xamarin\FoodOrderSystem.Xamarin\FoodOrderSystem.Xamarin.csproj", "{EE49C853-4D6A-420D-96C8-D4CBAEF0F19A}"
EndProject
Global
	GlobalSection(SolutionConfigurationPlatforms) = preSolution
		Ad-Hoc|Any CPU = Ad-Hoc|Any CPU
		Ad-Hoc|ARM = Ad-Hoc|ARM
		Ad-Hoc|iPhone = Ad-Hoc|iPhone
		Ad-Hoc|iPhoneSimulator = Ad-Hoc|iPhoneSimulator
		Ad-Hoc|x64 = Ad-Hoc|x64
		Ad-Hoc|x86 = Ad-Hoc|x86
		AppStore|Any CPU = AppStore|Any CPU
		AppStore|ARM = AppStore|ARM
		AppStore|iPhone = AppStore|iPhone
		AppStore|iPhoneSimulator = AppStore|iPhoneSimulator
		AppStore|x64 = AppStore|x64
		AppStore|x86 = AppStore|x86
		Debug|Any CPU = Debug|Any CPU
		Debug|ARM = Debug|ARM
		Debug|iPhone = Debug|iPhone
		Debug|iPhoneSimulator = Debug|iPhoneSimulator
		Debug|x64 = Debug|x64
		Debug|x86 = Debug|x86
		Release|Any CPU = Release|Any CPU
		Release|ARM = Release|ARM
		Release|iPhone = Release|iPhone
		Release|iPhoneSimulator = Release|iPhoneSimulator
		Release|x64 = Release|x64
		Release|x86 = Release|x86
	EndGlobalSection
	GlobalSection(ProjectConfigurationPlatforms) = postSolution
		{0ABCC323-4931-4080-A01C-472D8CCB0DB0}.Ad-Hoc|Any CPU.ActiveCfg = Release|Any CPU
		{0ABCC323-4931-4080-A01C-472D8CCB0DB0}.Ad-Hoc|Any CPU.Build.0 = Release|Any CPU
		{0ABCC323-4931-4080-A01C-472D8CCB0DB0}.Ad-Hoc|ARM.ActiveCfg = Release|Any CPU
		{0ABCC323-4931-4080-A01C-472D8CCB0DB0}.Ad-Hoc|ARM.Build.0 = Release|Any CPU
		{0ABCC323-4931-4080-A01C-472D8CCB0DB0}.Ad-Hoc|iPhone.ActiveCfg = Release|Any CPU
		{0ABCC323-4931-4080-A01C-472D8CCB0DB0}.Ad-Hoc|iPhone.Build.0 = Release|Any CPU
		{0ABCC323-4931-4080-A01C-472D8CCB0DB0}.Ad-Hoc|iPhoneSimulator.ActiveCfg = Release|Any CPU
		{0ABCC323-4931-4080-A01C-472D8CCB0DB0}.Ad-Hoc|iPhoneSimulator.Build.0 = Release|Any CPU
		{0ABCC323-4931-4080-A01C-472D8CCB0DB0}.Ad-Hoc|x64.ActiveCfg = Release|Any CPU
		{0ABCC323-4931-4080-A01C-472D8CCB0DB0}.Ad-Hoc|x64.Build.0 = Release|Any CPU
		{0ABCC323-4931-4080-A01C-472D8CCB0DB0}.Ad-Hoc|x86.ActiveCfg = Release|Any CPU
		{0ABCC323-4931-4080-A01C-472D8CCB0DB0}.Ad-Hoc|x86.Build.0 = Release|Any CPU
		{0ABCC323-4931-4080-A01C-472D8CCB0DB0}.AppStore|Any CPU.ActiveCfg = Release|Any CPU
		{0ABCC323-4931-4080-A01C-472D8CCB0DB0}.AppStore|Any CPU.Build.0 = Release|Any CPU
		{0ABCC323-4931-4080-A01C-472D8CCB0DB0}.AppStore|ARM.ActiveCfg = Release|Any CPU
		{0ABCC323-4931-4080-A01C-472D8CCB0DB0}.AppStore|ARM.Build.0 = Release|Any CPU
		{0ABCC323-4931-4080-A01C-472D8CCB0DB0}.AppStore|iPhone.ActiveCfg = Release|Any CPU
		{0ABCC323-4931-4080-A01C-472D8CCB0DB0}.AppStore|iPhone.Build.0 = Release|Any CPU
		{0ABCC323-4931-4080-A01C-472D8CCB0DB0}.AppStore|iPhoneSimulator.ActiveCfg = Release|Any CPU
		{0ABCC323-4931-4080-A01C-472D8CCB0DB0}.AppStore|iPhoneSimulator.Build.0 = Release|Any CPU
		{0ABCC323-4931-4080-A01C-472D8CCB0DB0}.AppStore|x64.ActiveCfg = Release|Any CPU
		{0ABCC323-4931-4080-A01C-472D8CCB0DB0}.AppStore|x64.Build.0 = Release|Any CPU
		{0ABCC323-4931-4080-A01C-472D8CCB0DB0}.AppStore|x86.ActiveCfg = Release|Any CPU
		{0ABCC323-4931-4080-A01C-472D8CCB0DB0}.AppStore|x86.Build.0 = Release|Any CPU
		{0ABCC323-4931-4080-A01C-472D8CCB0DB0}.Debug|Any CPU.ActiveCfg = Debug|Any CPU
		{0ABCC323-4931-4080-A01C-472D8CCB0DB0}.Debug|Any CPU.Build.0 = Debug|Any CPU
		{0ABCC323-4931-4080-A01C-472D8CCB0DB0}.Debug|ARM.ActiveCfg = Debug|Any CPU
		{0ABCC323-4931-4080-A01C-472D8CCB0DB0}.Debug|ARM.Build.0 = Debug|Any CPU
		{0ABCC323-4931-4080-A01C-472D8CCB0DB0}.Debug|iPhone.ActiveCfg = Debug|Any CPU
		{0ABCC323-4931-4080-A01C-472D8CCB0DB0}.Debug|iPhone.Build.0 = Debug|Any CPU
		{0ABCC323-4931-4080-A01C-472D8CCB0DB0}.Debug|iPhoneSimulator.ActiveCfg = Debug|Any CPU
		{0ABCC323-4931-4080-A01C-472D8CCB0DB0}.Debug|iPhoneSimulator.Build.0 = Debug|Any CPU
		{0ABCC323-4931-4080-A01C-472D8CCB0DB0}.Debug|x64.ActiveCfg = Debug|Any CPU
		{0ABCC323-4931-4080-A01C-472D8CCB0DB0}.Debug|x64.Build.0 = Debug|Any CPU
		{0ABCC323-4931-4080-A01C-472D8CCB0DB0}.Debug|x86.ActiveCfg = Debug|Any CPU
		{0ABCC323-4931-4080-A01C-472D8CCB0DB0}.Debug|x86.Build.0 = Debug|Any CPU
		{0ABCC323-4931-4080-A01C-472D8CCB0DB0}.Release|Any CPU.ActiveCfg = Release|Any CPU
		{0ABCC323-4931-4080-A01C-472D8CCB0DB0}.Release|Any CPU.Build.0 = Release|Any CPU
		{0ABCC323-4931-4080-A01C-472D8CCB0DB0}.Release|ARM.ActiveCfg = Release|Any CPU
		{0ABCC323-4931-4080-A01C-472D8CCB0DB0}.Release|ARM.Build.0 = Release|Any CPU
		{0ABCC323-4931-4080-A01C-472D8CCB0DB0}.Release|iPhone.ActiveCfg = Release|Any CPU
		{0ABCC323-4931-4080-A01C-472D8CCB0DB0}.Release|iPhone.Build.0 = Release|Any CPU
		{0ABCC323-4931-4080-A01C-472D8CCB0DB0}.Release|iPhoneSimulator.ActiveCfg = Release|Any CPU
		{0ABCC323-4931-4080-A01C-472D8CCB0DB0}.Release|iPhoneSimulator.Build.0 = Release|Any CPU
		{0ABCC323-4931-4080-A01C-472D8CCB0DB0}.Release|x64.ActiveCfg = Release|Any CPU
		{0ABCC323-4931-4080-A01C-472D8CCB0DB0}.Release|x64.Build.0 = Release|Any CPU
		{0ABCC323-4931-4080-A01C-472D8CCB0DB0}.Release|x86.ActiveCfg = Release|Any CPU
		{0ABCC323-4931-4080-A01C-472D8CCB0DB0}.Release|x86.Build.0 = Release|Any CPU
		{F3DDC828-962B-46A6-94BA-22645CD5A2D6}.Ad-Hoc|Any CPU.ActiveCfg = Release|Any CPU
		{F3DDC828-962B-46A6-94BA-22645CD5A2D6}.Ad-Hoc|Any CPU.Build.0 = Release|Any CPU
		{F3DDC828-962B-46A6-94BA-22645CD5A2D6}.Ad-Hoc|ARM.ActiveCfg = Release|Any CPU
		{F3DDC828-962B-46A6-94BA-22645CD5A2D6}.Ad-Hoc|ARM.Build.0 = Release|Any CPU
		{F3DDC828-962B-46A6-94BA-22645CD5A2D6}.Ad-Hoc|iPhone.ActiveCfg = Release|Any CPU
		{F3DDC828-962B-46A6-94BA-22645CD5A2D6}.Ad-Hoc|iPhone.Build.0 = Release|Any CPU
		{F3DDC828-962B-46A6-94BA-22645CD5A2D6}.Ad-Hoc|iPhoneSimulator.ActiveCfg = Release|Any CPU
		{F3DDC828-962B-46A6-94BA-22645CD5A2D6}.Ad-Hoc|iPhoneSimulator.Build.0 = Release|Any CPU
		{F3DDC828-962B-46A6-94BA-22645CD5A2D6}.Ad-Hoc|x64.ActiveCfg = Release|Any CPU
		{F3DDC828-962B-46A6-94BA-22645CD5A2D6}.Ad-Hoc|x64.Build.0 = Release|Any CPU
		{F3DDC828-962B-46A6-94BA-22645CD5A2D6}.Ad-Hoc|x86.ActiveCfg = Release|Any CPU
		{F3DDC828-962B-46A6-94BA-22645CD5A2D6}.Ad-Hoc|x86.Build.0 = Release|Any CPU
		{F3DDC828-962B-46A6-94BA-22645CD5A2D6}.AppStore|Any CPU.ActiveCfg = Release|Any CPU
		{F3DDC828-962B-46A6-94BA-22645CD5A2D6}.AppStore|Any CPU.Build.0 = Release|Any CPU
		{F3DDC828-962B-46A6-94BA-22645CD5A2D6}.AppStore|ARM.ActiveCfg = Release|Any CPU
		{F3DDC828-962B-46A6-94BA-22645CD5A2D6}.AppStore|ARM.Build.0 = Release|Any CPU
		{F3DDC828-962B-46A6-94BA-22645CD5A2D6}.AppStore|iPhone.ActiveCfg = Release|Any CPU
		{F3DDC828-962B-46A6-94BA-22645CD5A2D6}.AppStore|iPhone.Build.0 = Release|Any CPU
		{F3DDC828-962B-46A6-94BA-22645CD5A2D6}.AppStore|iPhoneSimulator.ActiveCfg = Release|Any CPU
		{F3DDC828-962B-46A6-94BA-22645CD5A2D6}.AppStore|iPhoneSimulator.Build.0 = Release|Any CPU
		{F3DDC828-962B-46A6-94BA-22645CD5A2D6}.AppStore|x64.ActiveCfg = Release|Any CPU
		{F3DDC828-962B-46A6-94BA-22645CD5A2D6}.AppStore|x64.Build.0 = Release|Any CPU
		{F3DDC828-962B-46A6-94BA-22645CD5A2D6}.AppStore|x86.ActiveCfg = Release|Any CPU
		{F3DDC828-962B-46A6-94BA-22645CD5A2D6}.AppStore|x86.Build.0 = Release|Any CPU
		{F3DDC828-962B-46A6-94BA-22645CD5A2D6}.Debug|Any CPU.ActiveCfg = Debug|Any CPU
		{F3DDC828-962B-46A6-94BA-22645CD5A2D6}.Debug|Any CPU.Build.0 = Debug|Any CPU
		{F3DDC828-962B-46A6-94BA-22645CD5A2D6}.Debug|ARM.ActiveCfg = Debug|Any CPU
		{F3DDC828-962B-46A6-94BA-22645CD5A2D6}.Debug|ARM.Build.0 = Debug|Any CPU
		{F3DDC828-962B-46A6-94BA-22645CD5A2D6}.Debug|iPhone.ActiveCfg = Debug|Any CPU
		{F3DDC828-962B-46A6-94BA-22645CD5A2D6}.Debug|iPhone.Build.0 = Debug|Any CPU
		{F3DDC828-962B-46A6-94BA-22645CD5A2D6}.Debug|iPhoneSimulator.ActiveCfg = Debug|Any CPU
		{F3DDC828-962B-46A6-94BA-22645CD5A2D6}.Debug|iPhoneSimulator.Build.0 = Debug|Any CPU
		{F3DDC828-962B-46A6-94BA-22645CD5A2D6}.Debug|x64.ActiveCfg = Debug|Any CPU
		{F3DDC828-962B-46A6-94BA-22645CD5A2D6}.Debug|x64.Build.0 = Debug|Any CPU
		{F3DDC828-962B-46A6-94BA-22645CD5A2D6}.Debug|x86.ActiveCfg = Debug|Any CPU
		{F3DDC828-962B-46A6-94BA-22645CD5A2D6}.Debug|x86.Build.0 = Debug|Any CPU
		{F3DDC828-962B-46A6-94BA-22645CD5A2D6}.Release|Any CPU.ActiveCfg = Release|Any CPU
		{F3DDC828-962B-46A6-94BA-22645CD5A2D6}.Release|Any CPU.Build.0 = Release|Any CPU
		{F3DDC828-962B-46A6-94BA-22645CD5A2D6}.Release|ARM.ActiveCfg = Release|Any CPU
		{F3DDC828-962B-46A6-94BA-22645CD5A2D6}.Release|ARM.Build.0 = Release|Any CPU
		{F3DDC828-962B-46A6-94BA-22645CD5A2D6}.Release|iPhone.ActiveCfg = Release|Any CPU
		{F3DDC828-962B-46A6-94BA-22645CD5A2D6}.Release|iPhone.Build.0 = Release|Any CPU
		{F3DDC828-962B-46A6-94BA-22645CD5A2D6}.Release|iPhoneSimulator.ActiveCfg = Release|Any CPU
		{F3DDC828-962B-46A6-94BA-22645CD5A2D6}.Release|iPhoneSimulator.Build.0 = Release|Any CPU
		{F3DDC828-962B-46A6-94BA-22645CD5A2D6}.Release|x64.ActiveCfg = Release|Any CPU
		{F3DDC828-962B-46A6-94BA-22645CD5A2D6}.Release|x64.Build.0 = Release|Any CPU
		{F3DDC828-962B-46A6-94BA-22645CD5A2D6}.Release|x86.ActiveCfg = Release|Any CPU
		{F3DDC828-962B-46A6-94BA-22645CD5A2D6}.Release|x86.Build.0 = Release|Any CPU
		{DC4FCB6E-212B-474C-AD02-3C88D0C7533F}.Ad-Hoc|Any CPU.ActiveCfg = Release|Any CPU
		{DC4FCB6E-212B-474C-AD02-3C88D0C7533F}.Ad-Hoc|Any CPU.Build.0 = Release|Any CPU
		{DC4FCB6E-212B-474C-AD02-3C88D0C7533F}.Ad-Hoc|Any CPU.Deploy.0 = Release|Any CPU
		{DC4FCB6E-212B-474C-AD02-3C88D0C7533F}.Ad-Hoc|ARM.ActiveCfg = Release|Any CPU
		{DC4FCB6E-212B-474C-AD02-3C88D0C7533F}.Ad-Hoc|ARM.Build.0 = Release|Any CPU
		{DC4FCB6E-212B-474C-AD02-3C88D0C7533F}.Ad-Hoc|ARM.Deploy.0 = Release|Any CPU
		{DC4FCB6E-212B-474C-AD02-3C88D0C7533F}.Ad-Hoc|iPhone.ActiveCfg = Release|Any CPU
		{DC4FCB6E-212B-474C-AD02-3C88D0C7533F}.Ad-Hoc|iPhone.Build.0 = Release|Any CPU
		{DC4FCB6E-212B-474C-AD02-3C88D0C7533F}.Ad-Hoc|iPhone.Deploy.0 = Release|Any CPU
		{DC4FCB6E-212B-474C-AD02-3C88D0C7533F}.Ad-Hoc|iPhoneSimulator.ActiveCfg = Release|Any CPU
		{DC4FCB6E-212B-474C-AD02-3C88D0C7533F}.Ad-Hoc|iPhoneSimulator.Build.0 = Release|Any CPU
		{DC4FCB6E-212B-474C-AD02-3C88D0C7533F}.Ad-Hoc|iPhoneSimulator.Deploy.0 = Release|Any CPU
		{DC4FCB6E-212B-474C-AD02-3C88D0C7533F}.Ad-Hoc|x64.ActiveCfg = Release|Any CPU
		{DC4FCB6E-212B-474C-AD02-3C88D0C7533F}.Ad-Hoc|x64.Build.0 = Release|Any CPU
		{DC4FCB6E-212B-474C-AD02-3C88D0C7533F}.Ad-Hoc|x64.Deploy.0 = Release|Any CPU
		{DC4FCB6E-212B-474C-AD02-3C88D0C7533F}.Ad-Hoc|x86.ActiveCfg = Release|Any CPU
		{DC4FCB6E-212B-474C-AD02-3C88D0C7533F}.Ad-Hoc|x86.Build.0 = Release|Any CPU
		{DC4FCB6E-212B-474C-AD02-3C88D0C7533F}.Ad-Hoc|x86.Deploy.0 = Release|Any CPU
		{DC4FCB6E-212B-474C-AD02-3C88D0C7533F}.AppStore|Any CPU.ActiveCfg = Release|Any CPU
		{DC4FCB6E-212B-474C-AD02-3C88D0C7533F}.AppStore|Any CPU.Build.0 = Release|Any CPU
		{DC4FCB6E-212B-474C-AD02-3C88D0C7533F}.AppStore|Any CPU.Deploy.0 = Release|Any CPU
		{DC4FCB6E-212B-474C-AD02-3C88D0C7533F}.AppStore|ARM.ActiveCfg = Release|Any CPU
		{DC4FCB6E-212B-474C-AD02-3C88D0C7533F}.AppStore|ARM.Build.0 = Release|Any CPU
		{DC4FCB6E-212B-474C-AD02-3C88D0C7533F}.AppStore|ARM.Deploy.0 = Release|Any CPU
		{DC4FCB6E-212B-474C-AD02-3C88D0C7533F}.AppStore|iPhone.ActiveCfg = Release|Any CPU
		{DC4FCB6E-212B-474C-AD02-3C88D0C7533F}.AppStore|iPhone.Build.0 = Release|Any CPU
		{DC4FCB6E-212B-474C-AD02-3C88D0C7533F}.AppStore|iPhone.Deploy.0 = Release|Any CPU
		{DC4FCB6E-212B-474C-AD02-3C88D0C7533F}.AppStore|iPhoneSimulator.ActiveCfg = Release|Any CPU
		{DC4FCB6E-212B-474C-AD02-3C88D0C7533F}.AppStore|iPhoneSimulator.Build.0 = Release|Any CPU
		{DC4FCB6E-212B-474C-AD02-3C88D0C7533F}.AppStore|iPhoneSimulator.Deploy.0 = Release|Any CPU
		{DC4FCB6E-212B-474C-AD02-3C88D0C7533F}.AppStore|x64.ActiveCfg = Release|Any CPU
		{DC4FCB6E-212B-474C-AD02-3C88D0C7533F}.AppStore|x64.Build.0 = Release|Any CPU
		{DC4FCB6E-212B-474C-AD02-3C88D0C7533F}.AppStore|x64.Deploy.0 = Release|Any CPU
		{DC4FCB6E-212B-474C-AD02-3C88D0C7533F}.AppStore|x86.ActiveCfg = Release|Any CPU
		{DC4FCB6E-212B-474C-AD02-3C88D0C7533F}.AppStore|x86.Build.0 = Release|Any CPU
		{DC4FCB6E-212B-474C-AD02-3C88D0C7533F}.AppStore|x86.Deploy.0 = Release|Any CPU
		{DC4FCB6E-212B-474C-AD02-3C88D0C7533F}.Debug|Any CPU.ActiveCfg = Debug|Any CPU
		{DC4FCB6E-212B-474C-AD02-3C88D0C7533F}.Debug|Any CPU.Build.0 = Debug|Any CPU
		{DC4FCB6E-212B-474C-AD02-3C88D0C7533F}.Debug|Any CPU.Deploy.0 = Debug|Any CPU
		{DC4FCB6E-212B-474C-AD02-3C88D0C7533F}.Debug|ARM.ActiveCfg = Debug|Any CPU
		{DC4FCB6E-212B-474C-AD02-3C88D0C7533F}.Debug|ARM.Build.0 = Debug|Any CPU
		{DC4FCB6E-212B-474C-AD02-3C88D0C7533F}.Debug|ARM.Deploy.0 = Debug|Any CPU
		{DC4FCB6E-212B-474C-AD02-3C88D0C7533F}.Debug|iPhone.ActiveCfg = Debug|Any CPU
		{DC4FCB6E-212B-474C-AD02-3C88D0C7533F}.Debug|iPhone.Build.0 = Debug|Any CPU
		{DC4FCB6E-212B-474C-AD02-3C88D0C7533F}.Debug|iPhone.Deploy.0 = Debug|Any CPU
		{DC4FCB6E-212B-474C-AD02-3C88D0C7533F}.Debug|iPhoneSimulator.ActiveCfg = Debug|Any CPU
		{DC4FCB6E-212B-474C-AD02-3C88D0C7533F}.Debug|iPhoneSimulator.Build.0 = Debug|Any CPU
		{DC4FCB6E-212B-474C-AD02-3C88D0C7533F}.Debug|iPhoneSimulator.Deploy.0 = Debug|Any CPU
		{DC4FCB6E-212B-474C-AD02-3C88D0C7533F}.Debug|x64.ActiveCfg = Debug|Any CPU
		{DC4FCB6E-212B-474C-AD02-3C88D0C7533F}.Debug|x64.Build.0 = Debug|Any CPU
		{DC4FCB6E-212B-474C-AD02-3C88D0C7533F}.Debug|x64.Deploy.0 = Debug|Any CPU
		{DC4FCB6E-212B-474C-AD02-3C88D0C7533F}.Debug|x86.ActiveCfg = Debug|Any CPU
		{DC4FCB6E-212B-474C-AD02-3C88D0C7533F}.Debug|x86.Build.0 = Debug|Any CPU
		{DC4FCB6E-212B-474C-AD02-3C88D0C7533F}.Debug|x86.Deploy.0 = Debug|Any CPU
		{DC4FCB6E-212B-474C-AD02-3C88D0C7533F}.Release|Any CPU.ActiveCfg = Release|Any CPU
		{DC4FCB6E-212B-474C-AD02-3C88D0C7533F}.Release|Any CPU.Build.0 = Release|Any CPU
		{DC4FCB6E-212B-474C-AD02-3C88D0C7533F}.Release|Any CPU.Deploy.0 = Release|Any CPU
		{DC4FCB6E-212B-474C-AD02-3C88D0C7533F}.Release|ARM.ActiveCfg = Release|Any CPU
		{DC4FCB6E-212B-474C-AD02-3C88D0C7533F}.Release|ARM.Build.0 = Release|Any CPU
		{DC4FCB6E-212B-474C-AD02-3C88D0C7533F}.Release|ARM.Deploy.0 = Release|Any CPU
		{DC4FCB6E-212B-474C-AD02-3C88D0C7533F}.Release|iPhone.ActiveCfg = Release|Any CPU
		{DC4FCB6E-212B-474C-AD02-3C88D0C7533F}.Release|iPhone.Build.0 = Release|Any CPU
		{DC4FCB6E-212B-474C-AD02-3C88D0C7533F}.Release|iPhone.Deploy.0 = Release|Any CPU
		{DC4FCB6E-212B-474C-AD02-3C88D0C7533F}.Release|iPhoneSimulator.ActiveCfg = Release|Any CPU
		{DC4FCB6E-212B-474C-AD02-3C88D0C7533F}.Release|iPhoneSimulator.Build.0 = Release|Any CPU
		{DC4FCB6E-212B-474C-AD02-3C88D0C7533F}.Release|iPhoneSimulator.Deploy.0 = Release|Any CPU
		{DC4FCB6E-212B-474C-AD02-3C88D0C7533F}.Release|x64.ActiveCfg = Release|Any CPU
		{DC4FCB6E-212B-474C-AD02-3C88D0C7533F}.Release|x64.Build.0 = Release|Any CPU
		{DC4FCB6E-212B-474C-AD02-3C88D0C7533F}.Release|x64.Deploy.0 = Release|Any CPU
		{DC4FCB6E-212B-474C-AD02-3C88D0C7533F}.Release|x86.ActiveCfg = Release|Any CPU
		{DC4FCB6E-212B-474C-AD02-3C88D0C7533F}.Release|x86.Build.0 = Release|Any CPU
		{DC4FCB6E-212B-474C-AD02-3C88D0C7533F}.Release|x86.Deploy.0 = Release|Any CPU
		{4A20ED31-9E78-48E1-81A8-5DFC97A78347}.Ad-Hoc|Any CPU.ActiveCfg = Release|Any CPU
		{4A20ED31-9E78-48E1-81A8-5DFC97A78347}.Ad-Hoc|Any CPU.Build.0 = Release|Any CPU
		{4A20ED31-9E78-48E1-81A8-5DFC97A78347}.Ad-Hoc|ARM.ActiveCfg = Release|Any CPU
		{4A20ED31-9E78-48E1-81A8-5DFC97A78347}.Ad-Hoc|ARM.Build.0 = Release|Any CPU
		{4A20ED31-9E78-48E1-81A8-5DFC97A78347}.Ad-Hoc|iPhone.ActiveCfg = Release|Any CPU
		{4A20ED31-9E78-48E1-81A8-5DFC97A78347}.Ad-Hoc|iPhone.Build.0 = Release|Any CPU
		{4A20ED31-9E78-48E1-81A8-5DFC97A78347}.Ad-Hoc|iPhoneSimulator.ActiveCfg = Release|Any CPU
		{4A20ED31-9E78-48E1-81A8-5DFC97A78347}.Ad-Hoc|iPhoneSimulator.Build.0 = Release|Any CPU
		{4A20ED31-9E78-48E1-81A8-5DFC97A78347}.Ad-Hoc|x64.ActiveCfg = Release|Any CPU
		{4A20ED31-9E78-48E1-81A8-5DFC97A78347}.Ad-Hoc|x64.Build.0 = Release|Any CPU
		{4A20ED31-9E78-48E1-81A8-5DFC97A78347}.Ad-Hoc|x86.ActiveCfg = Release|Any CPU
		{4A20ED31-9E78-48E1-81A8-5DFC97A78347}.Ad-Hoc|x86.Build.0 = Release|Any CPU
		{4A20ED31-9E78-48E1-81A8-5DFC97A78347}.AppStore|Any CPU.ActiveCfg = Release|Any CPU
		{4A20ED31-9E78-48E1-81A8-5DFC97A78347}.AppStore|Any CPU.Build.0 = Release|Any CPU
		{4A20ED31-9E78-48E1-81A8-5DFC97A78347}.AppStore|ARM.ActiveCfg = Release|Any CPU
		{4A20ED31-9E78-48E1-81A8-5DFC97A78347}.AppStore|ARM.Build.0 = Release|Any CPU
		{4A20ED31-9E78-48E1-81A8-5DFC97A78347}.AppStore|iPhone.ActiveCfg = Release|Any CPU
		{4A20ED31-9E78-48E1-81A8-5DFC97A78347}.AppStore|iPhone.Build.0 = Release|Any CPU
		{4A20ED31-9E78-48E1-81A8-5DFC97A78347}.AppStore|iPhoneSimulator.ActiveCfg = Release|Any CPU
		{4A20ED31-9E78-48E1-81A8-5DFC97A78347}.AppStore|iPhoneSimulator.Build.0 = Release|Any CPU
		{4A20ED31-9E78-48E1-81A8-5DFC97A78347}.AppStore|x64.ActiveCfg = Release|Any CPU
		{4A20ED31-9E78-48E1-81A8-5DFC97A78347}.AppStore|x64.Build.0 = Release|Any CPU
		{4A20ED31-9E78-48E1-81A8-5DFC97A78347}.AppStore|x86.ActiveCfg = Release|Any CPU
		{4A20ED31-9E78-48E1-81A8-5DFC97A78347}.AppStore|x86.Build.0 = Release|Any CPU
		{4A20ED31-9E78-48E1-81A8-5DFC97A78347}.Debug|Any CPU.ActiveCfg = Debug|Any CPU
		{4A20ED31-9E78-48E1-81A8-5DFC97A78347}.Debug|Any CPU.Build.0 = Debug|Any CPU
		{4A20ED31-9E78-48E1-81A8-5DFC97A78347}.Debug|ARM.ActiveCfg = Debug|Any CPU
		{4A20ED31-9E78-48E1-81A8-5DFC97A78347}.Debug|ARM.Build.0 = Debug|Any CPU
		{4A20ED31-9E78-48E1-81A8-5DFC97A78347}.Debug|iPhone.ActiveCfg = Debug|Any CPU
		{4A20ED31-9E78-48E1-81A8-5DFC97A78347}.Debug|iPhone.Build.0 = Debug|Any CPU
		{4A20ED31-9E78-48E1-81A8-5DFC97A78347}.Debug|iPhoneSimulator.ActiveCfg = Debug|Any CPU
		{4A20ED31-9E78-48E1-81A8-5DFC97A78347}.Debug|iPhoneSimulator.Build.0 = Debug|Any CPU
		{4A20ED31-9E78-48E1-81A8-5DFC97A78347}.Debug|x64.ActiveCfg = Debug|Any CPU
		{4A20ED31-9E78-48E1-81A8-5DFC97A78347}.Debug|x64.Build.0 = Debug|Any CPU
		{4A20ED31-9E78-48E1-81A8-5DFC97A78347}.Debug|x86.ActiveCfg = Debug|Any CPU
		{4A20ED31-9E78-48E1-81A8-5DFC97A78347}.Debug|x86.Build.0 = Debug|Any CPU
		{4A20ED31-9E78-48E1-81A8-5DFC97A78347}.Release|Any CPU.ActiveCfg = Release|Any CPU
		{4A20ED31-9E78-48E1-81A8-5DFC97A78347}.Release|Any CPU.Build.0 = Release|Any CPU
		{4A20ED31-9E78-48E1-81A8-5DFC97A78347}.Release|ARM.ActiveCfg = Release|Any CPU
		{4A20ED31-9E78-48E1-81A8-5DFC97A78347}.Release|ARM.Build.0 = Release|Any CPU
		{4A20ED31-9E78-48E1-81A8-5DFC97A78347}.Release|iPhone.ActiveCfg = Release|Any CPU
		{4A20ED31-9E78-48E1-81A8-5DFC97A78347}.Release|iPhone.Build.0 = Release|Any CPU
		{4A20ED31-9E78-48E1-81A8-5DFC97A78347}.Release|iPhoneSimulator.ActiveCfg = Release|Any CPU
		{4A20ED31-9E78-48E1-81A8-5DFC97A78347}.Release|iPhoneSimulator.Build.0 = Release|Any CPU
		{4A20ED31-9E78-48E1-81A8-5DFC97A78347}.Release|x64.ActiveCfg = Release|Any CPU
		{4A20ED31-9E78-48E1-81A8-5DFC97A78347}.Release|x64.Build.0 = Release|Any CPU
		{4A20ED31-9E78-48E1-81A8-5DFC97A78347}.Release|x86.ActiveCfg = Release|Any CPU
		{4A20ED31-9E78-48E1-81A8-5DFC97A78347}.Release|x86.Build.0 = Release|Any CPU
		{FEF5D744-483C-4FA3-A546-0FE1C604F996}.Ad-Hoc|Any CPU.ActiveCfg = Release|Any CPU
		{FEF5D744-483C-4FA3-A546-0FE1C604F996}.Ad-Hoc|Any CPU.Build.0 = Release|Any CPU
		{FEF5D744-483C-4FA3-A546-0FE1C604F996}.Ad-Hoc|ARM.ActiveCfg = Release|Any CPU
		{FEF5D744-483C-4FA3-A546-0FE1C604F996}.Ad-Hoc|ARM.Build.0 = Release|Any CPU
		{FEF5D744-483C-4FA3-A546-0FE1C604F996}.Ad-Hoc|iPhone.ActiveCfg = Release|Any CPU
		{FEF5D744-483C-4FA3-A546-0FE1C604F996}.Ad-Hoc|iPhone.Build.0 = Release|Any CPU
		{FEF5D744-483C-4FA3-A546-0FE1C604F996}.Ad-Hoc|iPhoneSimulator.ActiveCfg = Release|Any CPU
		{FEF5D744-483C-4FA3-A546-0FE1C604F996}.Ad-Hoc|iPhoneSimulator.Build.0 = Release|Any CPU
		{FEF5D744-483C-4FA3-A546-0FE1C604F996}.Ad-Hoc|x64.ActiveCfg = Release|Any CPU
		{FEF5D744-483C-4FA3-A546-0FE1C604F996}.Ad-Hoc|x64.Build.0 = Release|Any CPU
		{FEF5D744-483C-4FA3-A546-0FE1C604F996}.Ad-Hoc|x86.ActiveCfg = Release|Any CPU
		{FEF5D744-483C-4FA3-A546-0FE1C604F996}.Ad-Hoc|x86.Build.0 = Release|Any CPU
		{FEF5D744-483C-4FA3-A546-0FE1C604F996}.AppStore|Any CPU.ActiveCfg = Release|Any CPU
		{FEF5D744-483C-4FA3-A546-0FE1C604F996}.AppStore|Any CPU.Build.0 = Release|Any CPU
		{FEF5D744-483C-4FA3-A546-0FE1C604F996}.AppStore|ARM.ActiveCfg = Release|Any CPU
		{FEF5D744-483C-4FA3-A546-0FE1C604F996}.AppStore|ARM.Build.0 = Release|Any CPU
		{FEF5D744-483C-4FA3-A546-0FE1C604F996}.AppStore|iPhone.ActiveCfg = Release|Any CPU
		{FEF5D744-483C-4FA3-A546-0FE1C604F996}.AppStore|iPhone.Build.0 = Release|Any CPU
		{FEF5D744-483C-4FA3-A546-0FE1C604F996}.AppStore|iPhoneSimulator.ActiveCfg = Release|Any CPU
		{FEF5D744-483C-4FA3-A546-0FE1C604F996}.AppStore|iPhoneSimulator.Build.0 = Release|Any CPU
		{FEF5D744-483C-4FA3-A546-0FE1C604F996}.AppStore|x64.ActiveCfg = Release|Any CPU
		{FEF5D744-483C-4FA3-A546-0FE1C604F996}.AppStore|x64.Build.0 = Release|Any CPU
		{FEF5D744-483C-4FA3-A546-0FE1C604F996}.AppStore|x86.ActiveCfg = Release|Any CPU
		{FEF5D744-483C-4FA3-A546-0FE1C604F996}.AppStore|x86.Build.0 = Release|Any CPU
		{FEF5D744-483C-4FA3-A546-0FE1C604F996}.Debug|Any CPU.ActiveCfg = Debug|Any CPU
		{FEF5D744-483C-4FA3-A546-0FE1C604F996}.Debug|Any CPU.Build.0 = Debug|Any CPU
		{FEF5D744-483C-4FA3-A546-0FE1C604F996}.Debug|ARM.ActiveCfg = Debug|Any CPU
		{FEF5D744-483C-4FA3-A546-0FE1C604F996}.Debug|ARM.Build.0 = Debug|Any CPU
		{FEF5D744-483C-4FA3-A546-0FE1C604F996}.Debug|iPhone.ActiveCfg = Debug|Any CPU
		{FEF5D744-483C-4FA3-A546-0FE1C604F996}.Debug|iPhone.Build.0 = Debug|Any CPU
		{FEF5D744-483C-4FA3-A546-0FE1C604F996}.Debug|iPhoneSimulator.ActiveCfg = Debug|Any CPU
		{FEF5D744-483C-4FA3-A546-0FE1C604F996}.Debug|iPhoneSimulator.Build.0 = Debug|Any CPU
		{FEF5D744-483C-4FA3-A546-0FE1C604F996}.Debug|x64.ActiveCfg = Debug|Any CPU
		{FEF5D744-483C-4FA3-A546-0FE1C604F996}.Debug|x64.Build.0 = Debug|Any CPU
		{FEF5D744-483C-4FA3-A546-0FE1C604F996}.Debug|x86.ActiveCfg = Debug|Any CPU
		{FEF5D744-483C-4FA3-A546-0FE1C604F996}.Debug|x86.Build.0 = Debug|Any CPU
		{FEF5D744-483C-4FA3-A546-0FE1C604F996}.Release|Any CPU.ActiveCfg = Release|Any CPU
		{FEF5D744-483C-4FA3-A546-0FE1C604F996}.Release|Any CPU.Build.0 = Release|Any CPU
		{FEF5D744-483C-4FA3-A546-0FE1C604F996}.Release|ARM.ActiveCfg = Release|Any CPU
		{FEF5D744-483C-4FA3-A546-0FE1C604F996}.Release|ARM.Build.0 = Release|Any CPU
		{FEF5D744-483C-4FA3-A546-0FE1C604F996}.Release|iPhone.ActiveCfg = Release|Any CPU
		{FEF5D744-483C-4FA3-A546-0FE1C604F996}.Release|iPhone.Build.0 = Release|Any CPU
		{FEF5D744-483C-4FA3-A546-0FE1C604F996}.Release|iPhoneSimulator.ActiveCfg = Release|Any CPU
		{FEF5D744-483C-4FA3-A546-0FE1C604F996}.Release|iPhoneSimulator.Build.0 = Release|Any CPU
		{FEF5D744-483C-4FA3-A546-0FE1C604F996}.Release|x64.ActiveCfg = Release|Any CPU
		{FEF5D744-483C-4FA3-A546-0FE1C604F996}.Release|x64.Build.0 = Release|Any CPU
		{FEF5D744-483C-4FA3-A546-0FE1C604F996}.Release|x86.ActiveCfg = Release|Any CPU
		{FEF5D744-483C-4FA3-A546-0FE1C604F996}.Release|x86.Build.0 = Release|Any CPU
		{4B1EF412-5212-4E1A-A00E-0D160504038A}.Ad-Hoc|Any CPU.ActiveCfg = Release|Any CPU
		{4B1EF412-5212-4E1A-A00E-0D160504038A}.Ad-Hoc|Any CPU.Build.0 = Release|Any CPU
		{4B1EF412-5212-4E1A-A00E-0D160504038A}.Ad-Hoc|ARM.ActiveCfg = Release|Any CPU
		{4B1EF412-5212-4E1A-A00E-0D160504038A}.Ad-Hoc|ARM.Build.0 = Release|Any CPU
		{4B1EF412-5212-4E1A-A00E-0D160504038A}.Ad-Hoc|iPhone.ActiveCfg = Release|Any CPU
		{4B1EF412-5212-4E1A-A00E-0D160504038A}.Ad-Hoc|iPhone.Build.0 = Release|Any CPU
		{4B1EF412-5212-4E1A-A00E-0D160504038A}.Ad-Hoc|iPhoneSimulator.ActiveCfg = Release|Any CPU
		{4B1EF412-5212-4E1A-A00E-0D160504038A}.Ad-Hoc|iPhoneSimulator.Build.0 = Release|Any CPU
		{4B1EF412-5212-4E1A-A00E-0D160504038A}.Ad-Hoc|x64.ActiveCfg = Release|Any CPU
		{4B1EF412-5212-4E1A-A00E-0D160504038A}.Ad-Hoc|x64.Build.0 = Release|Any CPU
		{4B1EF412-5212-4E1A-A00E-0D160504038A}.Ad-Hoc|x86.ActiveCfg = Release|Any CPU
		{4B1EF412-5212-4E1A-A00E-0D160504038A}.Ad-Hoc|x86.Build.0 = Release|Any CPU
		{4B1EF412-5212-4E1A-A00E-0D160504038A}.AppStore|Any CPU.ActiveCfg = Release|Any CPU
		{4B1EF412-5212-4E1A-A00E-0D160504038A}.AppStore|Any CPU.Build.0 = Release|Any CPU
		{4B1EF412-5212-4E1A-A00E-0D160504038A}.AppStore|ARM.ActiveCfg = Release|Any CPU
		{4B1EF412-5212-4E1A-A00E-0D160504038A}.AppStore|ARM.Build.0 = Release|Any CPU
		{4B1EF412-5212-4E1A-A00E-0D160504038A}.AppStore|iPhone.ActiveCfg = Release|Any CPU
		{4B1EF412-5212-4E1A-A00E-0D160504038A}.AppStore|iPhone.Build.0 = Release|Any CPU
		{4B1EF412-5212-4E1A-A00E-0D160504038A}.AppStore|iPhoneSimulator.ActiveCfg = Release|Any CPU
		{4B1EF412-5212-4E1A-A00E-0D160504038A}.AppStore|iPhoneSimulator.Build.0 = Release|Any CPU
		{4B1EF412-5212-4E1A-A00E-0D160504038A}.AppStore|x64.ActiveCfg = Release|Any CPU
		{4B1EF412-5212-4E1A-A00E-0D160504038A}.AppStore|x64.Build.0 = Release|Any CPU
		{4B1EF412-5212-4E1A-A00E-0D160504038A}.AppStore|x86.ActiveCfg = Release|Any CPU
		{4B1EF412-5212-4E1A-A00E-0D160504038A}.AppStore|x86.Build.0 = Release|Any CPU
		{4B1EF412-5212-4E1A-A00E-0D160504038A}.Debug|Any CPU.ActiveCfg = Debug|Any CPU
		{4B1EF412-5212-4E1A-A00E-0D160504038A}.Debug|Any CPU.Build.0 = Debug|Any CPU
		{4B1EF412-5212-4E1A-A00E-0D160504038A}.Debug|ARM.ActiveCfg = Debug|Any CPU
		{4B1EF412-5212-4E1A-A00E-0D160504038A}.Debug|ARM.Build.0 = Debug|Any CPU
		{4B1EF412-5212-4E1A-A00E-0D160504038A}.Debug|iPhone.ActiveCfg = Debug|Any CPU
		{4B1EF412-5212-4E1A-A00E-0D160504038A}.Debug|iPhone.Build.0 = Debug|Any CPU
		{4B1EF412-5212-4E1A-A00E-0D160504038A}.Debug|iPhoneSimulator.ActiveCfg = Debug|Any CPU
		{4B1EF412-5212-4E1A-A00E-0D160504038A}.Debug|iPhoneSimulator.Build.0 = Debug|Any CPU
		{4B1EF412-5212-4E1A-A00E-0D160504038A}.Debug|x64.ActiveCfg = Debug|Any CPU
		{4B1EF412-5212-4E1A-A00E-0D160504038A}.Debug|x64.Build.0 = Debug|Any CPU
		{4B1EF412-5212-4E1A-A00E-0D160504038A}.Debug|x86.ActiveCfg = Debug|Any CPU
		{4B1EF412-5212-4E1A-A00E-0D160504038A}.Debug|x86.Build.0 = Debug|Any CPU
		{4B1EF412-5212-4E1A-A00E-0D160504038A}.Release|Any CPU.ActiveCfg = Release|Any CPU
		{4B1EF412-5212-4E1A-A00E-0D160504038A}.Release|Any CPU.Build.0 = Release|Any CPU
		{4B1EF412-5212-4E1A-A00E-0D160504038A}.Release|ARM.ActiveCfg = Release|Any CPU
		{4B1EF412-5212-4E1A-A00E-0D160504038A}.Release|ARM.Build.0 = Release|Any CPU
		{4B1EF412-5212-4E1A-A00E-0D160504038A}.Release|iPhone.ActiveCfg = Release|Any CPU
		{4B1EF412-5212-4E1A-A00E-0D160504038A}.Release|iPhone.Build.0 = Release|Any CPU
		{4B1EF412-5212-4E1A-A00E-0D160504038A}.Release|iPhoneSimulator.ActiveCfg = Release|Any CPU
		{4B1EF412-5212-4E1A-A00E-0D160504038A}.Release|iPhoneSimulator.Build.0 = Release|Any CPU
		{4B1EF412-5212-4E1A-A00E-0D160504038A}.Release|x64.ActiveCfg = Release|Any CPU
		{4B1EF412-5212-4E1A-A00E-0D160504038A}.Release|x64.Build.0 = Release|Any CPU
		{4B1EF412-5212-4E1A-A00E-0D160504038A}.Release|x86.ActiveCfg = Release|Any CPU
		{4B1EF412-5212-4E1A-A00E-0D160504038A}.Release|x86.Build.0 = Release|Any CPU
		{29FF26DA-DA70-400B-B627-336600960E39}.Ad-Hoc|Any CPU.ActiveCfg = Release|Any CPU
		{29FF26DA-DA70-400B-B627-336600960E39}.Ad-Hoc|Any CPU.Build.0 = Release|Any CPU
		{29FF26DA-DA70-400B-B627-336600960E39}.Ad-Hoc|ARM.ActiveCfg = Release|Any CPU
		{29FF26DA-DA70-400B-B627-336600960E39}.Ad-Hoc|ARM.Build.0 = Release|Any CPU
		{29FF26DA-DA70-400B-B627-336600960E39}.Ad-Hoc|iPhone.ActiveCfg = Release|Any CPU
		{29FF26DA-DA70-400B-B627-336600960E39}.Ad-Hoc|iPhone.Build.0 = Release|Any CPU
		{29FF26DA-DA70-400B-B627-336600960E39}.Ad-Hoc|iPhoneSimulator.ActiveCfg = Release|Any CPU
		{29FF26DA-DA70-400B-B627-336600960E39}.Ad-Hoc|iPhoneSimulator.Build.0 = Release|Any CPU
		{29FF26DA-DA70-400B-B627-336600960E39}.Ad-Hoc|x64.ActiveCfg = Release|Any CPU
		{29FF26DA-DA70-400B-B627-336600960E39}.Ad-Hoc|x64.Build.0 = Release|Any CPU
		{29FF26DA-DA70-400B-B627-336600960E39}.Ad-Hoc|x86.ActiveCfg = Release|Any CPU
		{29FF26DA-DA70-400B-B627-336600960E39}.Ad-Hoc|x86.Build.0 = Release|Any CPU
		{29FF26DA-DA70-400B-B627-336600960E39}.AppStore|Any CPU.ActiveCfg = Release|Any CPU
		{29FF26DA-DA70-400B-B627-336600960E39}.AppStore|Any CPU.Build.0 = Release|Any CPU
		{29FF26DA-DA70-400B-B627-336600960E39}.AppStore|ARM.ActiveCfg = Release|Any CPU
		{29FF26DA-DA70-400B-B627-336600960E39}.AppStore|ARM.Build.0 = Release|Any CPU
		{29FF26DA-DA70-400B-B627-336600960E39}.AppStore|iPhone.ActiveCfg = Release|Any CPU
		{29FF26DA-DA70-400B-B627-336600960E39}.AppStore|iPhone.Build.0 = Release|Any CPU
		{29FF26DA-DA70-400B-B627-336600960E39}.AppStore|iPhoneSimulator.ActiveCfg = Release|Any CPU
		{29FF26DA-DA70-400B-B627-336600960E39}.AppStore|iPhoneSimulator.Build.0 = Release|Any CPU
		{29FF26DA-DA70-400B-B627-336600960E39}.AppStore|x64.ActiveCfg = Release|Any CPU
		{29FF26DA-DA70-400B-B627-336600960E39}.AppStore|x64.Build.0 = Release|Any CPU
		{29FF26DA-DA70-400B-B627-336600960E39}.AppStore|x86.ActiveCfg = Release|Any CPU
		{29FF26DA-DA70-400B-B627-336600960E39}.AppStore|x86.Build.0 = Release|Any CPU
		{29FF26DA-DA70-400B-B627-336600960E39}.Debug|Any CPU.ActiveCfg = Debug|Any CPU
		{29FF26DA-DA70-400B-B627-336600960E39}.Debug|Any CPU.Build.0 = Debug|Any CPU
		{29FF26DA-DA70-400B-B627-336600960E39}.Debug|ARM.ActiveCfg = Debug|Any CPU
		{29FF26DA-DA70-400B-B627-336600960E39}.Debug|ARM.Build.0 = Debug|Any CPU
		{29FF26DA-DA70-400B-B627-336600960E39}.Debug|iPhone.ActiveCfg = Debug|Any CPU
		{29FF26DA-DA70-400B-B627-336600960E39}.Debug|iPhone.Build.0 = Debug|Any CPU
		{29FF26DA-DA70-400B-B627-336600960E39}.Debug|iPhoneSimulator.ActiveCfg = Debug|Any CPU
		{29FF26DA-DA70-400B-B627-336600960E39}.Debug|iPhoneSimulator.Build.0 = Debug|Any CPU
		{29FF26DA-DA70-400B-B627-336600960E39}.Debug|x64.ActiveCfg = Debug|Any CPU
		{29FF26DA-DA70-400B-B627-336600960E39}.Debug|x64.Build.0 = Debug|Any CPU
		{29FF26DA-DA70-400B-B627-336600960E39}.Debug|x86.ActiveCfg = Debug|Any CPU
		{29FF26DA-DA70-400B-B627-336600960E39}.Debug|x86.Build.0 = Debug|Any CPU
		{29FF26DA-DA70-400B-B627-336600960E39}.Release|Any CPU.ActiveCfg = Release|Any CPU
		{29FF26DA-DA70-400B-B627-336600960E39}.Release|Any CPU.Build.0 = Release|Any CPU
		{29FF26DA-DA70-400B-B627-336600960E39}.Release|ARM.ActiveCfg = Release|Any CPU
		{29FF26DA-DA70-400B-B627-336600960E39}.Release|ARM.Build.0 = Release|Any CPU
		{29FF26DA-DA70-400B-B627-336600960E39}.Release|iPhone.ActiveCfg = Release|Any CPU
		{29FF26DA-DA70-400B-B627-336600960E39}.Release|iPhone.Build.0 = Release|Any CPU
		{29FF26DA-DA70-400B-B627-336600960E39}.Release|iPhoneSimulator.ActiveCfg = Release|Any CPU
		{29FF26DA-DA70-400B-B627-336600960E39}.Release|iPhoneSimulator.Build.0 = Release|Any CPU
		{29FF26DA-DA70-400B-B627-336600960E39}.Release|x64.ActiveCfg = Release|Any CPU
		{29FF26DA-DA70-400B-B627-336600960E39}.Release|x64.Build.0 = Release|Any CPU
		{29FF26DA-DA70-400B-B627-336600960E39}.Release|x86.ActiveCfg = Release|Any CPU
		{29FF26DA-DA70-400B-B627-336600960E39}.Release|x86.Build.0 = Release|Any CPU
		{21ED36F3-921B-4615-AE9C-4151BB15A7F9}.Ad-Hoc|Any CPU.ActiveCfg = Release|Any CPU
		{21ED36F3-921B-4615-AE9C-4151BB15A7F9}.Ad-Hoc|Any CPU.Build.0 = Release|Any CPU
		{21ED36F3-921B-4615-AE9C-4151BB15A7F9}.Ad-Hoc|Any CPU.Deploy.0 = Release|Any CPU
		{21ED36F3-921B-4615-AE9C-4151BB15A7F9}.Ad-Hoc|ARM.ActiveCfg = Release|Any CPU
		{21ED36F3-921B-4615-AE9C-4151BB15A7F9}.Ad-Hoc|ARM.Build.0 = Release|Any CPU
		{21ED36F3-921B-4615-AE9C-4151BB15A7F9}.Ad-Hoc|ARM.Deploy.0 = Release|Any CPU
		{21ED36F3-921B-4615-AE9C-4151BB15A7F9}.Ad-Hoc|iPhone.ActiveCfg = Release|Any CPU
		{21ED36F3-921B-4615-AE9C-4151BB15A7F9}.Ad-Hoc|iPhone.Build.0 = Release|Any CPU
		{21ED36F3-921B-4615-AE9C-4151BB15A7F9}.Ad-Hoc|iPhone.Deploy.0 = Release|Any CPU
		{21ED36F3-921B-4615-AE9C-4151BB15A7F9}.Ad-Hoc|iPhoneSimulator.ActiveCfg = Release|Any CPU
		{21ED36F3-921B-4615-AE9C-4151BB15A7F9}.Ad-Hoc|iPhoneSimulator.Build.0 = Release|Any CPU
		{21ED36F3-921B-4615-AE9C-4151BB15A7F9}.Ad-Hoc|iPhoneSimulator.Deploy.0 = Release|Any CPU
		{21ED36F3-921B-4615-AE9C-4151BB15A7F9}.Ad-Hoc|x64.ActiveCfg = Release|Any CPU
		{21ED36F3-921B-4615-AE9C-4151BB15A7F9}.Ad-Hoc|x64.Build.0 = Release|Any CPU
		{21ED36F3-921B-4615-AE9C-4151BB15A7F9}.Ad-Hoc|x64.Deploy.0 = Release|Any CPU
		{21ED36F3-921B-4615-AE9C-4151BB15A7F9}.Ad-Hoc|x86.ActiveCfg = Release|Any CPU
		{21ED36F3-921B-4615-AE9C-4151BB15A7F9}.Ad-Hoc|x86.Build.0 = Release|Any CPU
		{21ED36F3-921B-4615-AE9C-4151BB15A7F9}.Ad-Hoc|x86.Deploy.0 = Release|Any CPU
		{21ED36F3-921B-4615-AE9C-4151BB15A7F9}.AppStore|Any CPU.ActiveCfg = Release|Any CPU
		{21ED36F3-921B-4615-AE9C-4151BB15A7F9}.AppStore|Any CPU.Build.0 = Release|Any CPU
		{21ED36F3-921B-4615-AE9C-4151BB15A7F9}.AppStore|Any CPU.Deploy.0 = Release|Any CPU
		{21ED36F3-921B-4615-AE9C-4151BB15A7F9}.AppStore|ARM.ActiveCfg = Release|Any CPU
		{21ED36F3-921B-4615-AE9C-4151BB15A7F9}.AppStore|ARM.Build.0 = Release|Any CPU
		{21ED36F3-921B-4615-AE9C-4151BB15A7F9}.AppStore|ARM.Deploy.0 = Release|Any CPU
		{21ED36F3-921B-4615-AE9C-4151BB15A7F9}.AppStore|iPhone.ActiveCfg = Release|Any CPU
		{21ED36F3-921B-4615-AE9C-4151BB15A7F9}.AppStore|iPhone.Build.0 = Release|Any CPU
		{21ED36F3-921B-4615-AE9C-4151BB15A7F9}.AppStore|iPhone.Deploy.0 = Release|Any CPU
		{21ED36F3-921B-4615-AE9C-4151BB15A7F9}.AppStore|iPhoneSimulator.ActiveCfg = Release|Any CPU
		{21ED36F3-921B-4615-AE9C-4151BB15A7F9}.AppStore|iPhoneSimulator.Build.0 = Release|Any CPU
		{21ED36F3-921B-4615-AE9C-4151BB15A7F9}.AppStore|iPhoneSimulator.Deploy.0 = Release|Any CPU
		{21ED36F3-921B-4615-AE9C-4151BB15A7F9}.AppStore|x64.ActiveCfg = Release|Any CPU
		{21ED36F3-921B-4615-AE9C-4151BB15A7F9}.AppStore|x64.Build.0 = Release|Any CPU
		{21ED36F3-921B-4615-AE9C-4151BB15A7F9}.AppStore|x64.Deploy.0 = Release|Any CPU
		{21ED36F3-921B-4615-AE9C-4151BB15A7F9}.AppStore|x86.ActiveCfg = Release|Any CPU
		{21ED36F3-921B-4615-AE9C-4151BB15A7F9}.AppStore|x86.Build.0 = Release|Any CPU
		{21ED36F3-921B-4615-AE9C-4151BB15A7F9}.AppStore|x86.Deploy.0 = Release|Any CPU
		{21ED36F3-921B-4615-AE9C-4151BB15A7F9}.Debug|Any CPU.ActiveCfg = Debug|Any CPU
		{21ED36F3-921B-4615-AE9C-4151BB15A7F9}.Debug|Any CPU.Build.0 = Debug|Any CPU
		{21ED36F3-921B-4615-AE9C-4151BB15A7F9}.Debug|Any CPU.Deploy.0 = Debug|Any CPU
		{21ED36F3-921B-4615-AE9C-4151BB15A7F9}.Debug|ARM.ActiveCfg = Debug|Any CPU
		{21ED36F3-921B-4615-AE9C-4151BB15A7F9}.Debug|ARM.Build.0 = Debug|Any CPU
		{21ED36F3-921B-4615-AE9C-4151BB15A7F9}.Debug|ARM.Deploy.0 = Debug|Any CPU
		{21ED36F3-921B-4615-AE9C-4151BB15A7F9}.Debug|iPhone.ActiveCfg = Debug|Any CPU
		{21ED36F3-921B-4615-AE9C-4151BB15A7F9}.Debug|iPhone.Build.0 = Debug|Any CPU
		{21ED36F3-921B-4615-AE9C-4151BB15A7F9}.Debug|iPhone.Deploy.0 = Debug|Any CPU
		{21ED36F3-921B-4615-AE9C-4151BB15A7F9}.Debug|iPhoneSimulator.ActiveCfg = Debug|Any CPU
		{21ED36F3-921B-4615-AE9C-4151BB15A7F9}.Debug|iPhoneSimulator.Build.0 = Debug|Any CPU
		{21ED36F3-921B-4615-AE9C-4151BB15A7F9}.Debug|iPhoneSimulator.Deploy.0 = Debug|Any CPU
		{21ED36F3-921B-4615-AE9C-4151BB15A7F9}.Debug|x64.ActiveCfg = Debug|Any CPU
		{21ED36F3-921B-4615-AE9C-4151BB15A7F9}.Debug|x64.Build.0 = Debug|Any CPU
		{21ED36F3-921B-4615-AE9C-4151BB15A7F9}.Debug|x64.Deploy.0 = Debug|Any CPU
		{21ED36F3-921B-4615-AE9C-4151BB15A7F9}.Debug|x86.ActiveCfg = Debug|Any CPU
		{21ED36F3-921B-4615-AE9C-4151BB15A7F9}.Debug|x86.Build.0 = Debug|Any CPU
		{21ED36F3-921B-4615-AE9C-4151BB15A7F9}.Debug|x86.Deploy.0 = Debug|Any CPU
		{21ED36F3-921B-4615-AE9C-4151BB15A7F9}.Release|Any CPU.ActiveCfg = Release|Any CPU
		{21ED36F3-921B-4615-AE9C-4151BB15A7F9}.Release|Any CPU.Build.0 = Release|Any CPU
		{21ED36F3-921B-4615-AE9C-4151BB15A7F9}.Release|Any CPU.Deploy.0 = Release|Any CPU
		{21ED36F3-921B-4615-AE9C-4151BB15A7F9}.Release|ARM.ActiveCfg = Release|Any CPU
		{21ED36F3-921B-4615-AE9C-4151BB15A7F9}.Release|ARM.Build.0 = Release|Any CPU
		{21ED36F3-921B-4615-AE9C-4151BB15A7F9}.Release|ARM.Deploy.0 = Release|Any CPU
		{21ED36F3-921B-4615-AE9C-4151BB15A7F9}.Release|iPhone.ActiveCfg = Release|Any CPU
		{21ED36F3-921B-4615-AE9C-4151BB15A7F9}.Release|iPhone.Build.0 = Release|Any CPU
		{21ED36F3-921B-4615-AE9C-4151BB15A7F9}.Release|iPhone.Deploy.0 = Release|Any CPU
		{21ED36F3-921B-4615-AE9C-4151BB15A7F9}.Release|iPhoneSimulator.ActiveCfg = Release|Any CPU
		{21ED36F3-921B-4615-AE9C-4151BB15A7F9}.Release|iPhoneSimulator.Build.0 = Release|Any CPU
		{21ED36F3-921B-4615-AE9C-4151BB15A7F9}.Release|iPhoneSimulator.Deploy.0 = Release|Any CPU
		{21ED36F3-921B-4615-AE9C-4151BB15A7F9}.Release|x64.ActiveCfg = Release|Any CPU
		{21ED36F3-921B-4615-AE9C-4151BB15A7F9}.Release|x64.Build.0 = Release|Any CPU
		{21ED36F3-921B-4615-AE9C-4151BB15A7F9}.Release|x64.Deploy.0 = Release|Any CPU
		{21ED36F3-921B-4615-AE9C-4151BB15A7F9}.Release|x86.ActiveCfg = Release|Any CPU
		{21ED36F3-921B-4615-AE9C-4151BB15A7F9}.Release|x86.Build.0 = Release|Any CPU
		{21ED36F3-921B-4615-AE9C-4151BB15A7F9}.Release|x86.Deploy.0 = Release|Any CPU
		{B3C72B45-2B89-48AE-89A2-53CDFE4C52EA}.Ad-Hoc|Any CPU.ActiveCfg = Ad-Hoc|iPhone
		{B3C72B45-2B89-48AE-89A2-53CDFE4C52EA}.Ad-Hoc|ARM.ActiveCfg = Ad-Hoc|iPhone
		{B3C72B45-2B89-48AE-89A2-53CDFE4C52EA}.Ad-Hoc|iPhone.ActiveCfg = Ad-Hoc|iPhone
		{B3C72B45-2B89-48AE-89A2-53CDFE4C52EA}.Ad-Hoc|iPhone.Build.0 = Ad-Hoc|iPhone
		{B3C72B45-2B89-48AE-89A2-53CDFE4C52EA}.Ad-Hoc|iPhoneSimulator.ActiveCfg = Ad-Hoc|iPhoneSimulator
		{B3C72B45-2B89-48AE-89A2-53CDFE4C52EA}.Ad-Hoc|iPhoneSimulator.Build.0 = Ad-Hoc|iPhoneSimulator
		{B3C72B45-2B89-48AE-89A2-53CDFE4C52EA}.Ad-Hoc|x64.ActiveCfg = Ad-Hoc|iPhone
		{B3C72B45-2B89-48AE-89A2-53CDFE4C52EA}.Ad-Hoc|x86.ActiveCfg = Ad-Hoc|iPhone
		{B3C72B45-2B89-48AE-89A2-53CDFE4C52EA}.AppStore|Any CPU.ActiveCfg = AppStore|iPhone
		{B3C72B45-2B89-48AE-89A2-53CDFE4C52EA}.AppStore|ARM.ActiveCfg = AppStore|iPhone
		{B3C72B45-2B89-48AE-89A2-53CDFE4C52EA}.AppStore|iPhone.ActiveCfg = AppStore|iPhone
		{B3C72B45-2B89-48AE-89A2-53CDFE4C52EA}.AppStore|iPhone.Build.0 = AppStore|iPhone
		{B3C72B45-2B89-48AE-89A2-53CDFE4C52EA}.AppStore|iPhoneSimulator.ActiveCfg = AppStore|iPhoneSimulator
		{B3C72B45-2B89-48AE-89A2-53CDFE4C52EA}.AppStore|iPhoneSimulator.Build.0 = AppStore|iPhoneSimulator
		{B3C72B45-2B89-48AE-89A2-53CDFE4C52EA}.AppStore|x64.ActiveCfg = AppStore|iPhone
		{B3C72B45-2B89-48AE-89A2-53CDFE4C52EA}.AppStore|x86.ActiveCfg = AppStore|iPhone
		{B3C72B45-2B89-48AE-89A2-53CDFE4C52EA}.Debug|Any CPU.ActiveCfg = Debug|iPhone
		{B3C72B45-2B89-48AE-89A2-53CDFE4C52EA}.Debug|ARM.ActiveCfg = Debug|iPhone
		{B3C72B45-2B89-48AE-89A2-53CDFE4C52EA}.Debug|iPhone.ActiveCfg = Debug|iPhone
		{B3C72B45-2B89-48AE-89A2-53CDFE4C52EA}.Debug|iPhone.Build.0 = Debug|iPhone
		{B3C72B45-2B89-48AE-89A2-53CDFE4C52EA}.Debug|iPhoneSimulator.ActiveCfg = Debug|iPhoneSimulator
		{B3C72B45-2B89-48AE-89A2-53CDFE4C52EA}.Debug|iPhoneSimulator.Build.0 = Debug|iPhoneSimulator
		{B3C72B45-2B89-48AE-89A2-53CDFE4C52EA}.Debug|x64.ActiveCfg = Debug|iPhone
		{B3C72B45-2B89-48AE-89A2-53CDFE4C52EA}.Debug|x86.ActiveCfg = Debug|iPhone
		{B3C72B45-2B89-48AE-89A2-53CDFE4C52EA}.Release|Any CPU.ActiveCfg = Release|iPhone
		{B3C72B45-2B89-48AE-89A2-53CDFE4C52EA}.Release|ARM.ActiveCfg = Release|iPhone
		{B3C72B45-2B89-48AE-89A2-53CDFE4C52EA}.Release|iPhone.ActiveCfg = Release|iPhone
		{B3C72B45-2B89-48AE-89A2-53CDFE4C52EA}.Release|iPhone.Build.0 = Release|iPhone
		{B3C72B45-2B89-48AE-89A2-53CDFE4C52EA}.Release|iPhoneSimulator.ActiveCfg = Release|iPhoneSimulator
		{B3C72B45-2B89-48AE-89A2-53CDFE4C52EA}.Release|iPhoneSimulator.Build.0 = Release|iPhoneSimulator
		{B3C72B45-2B89-48AE-89A2-53CDFE4C52EA}.Release|x64.ActiveCfg = Release|iPhone
		{B3C72B45-2B89-48AE-89A2-53CDFE4C52EA}.Release|x86.ActiveCfg = Release|iPhone
		{EE49C853-4D6A-420D-96C8-D4CBAEF0F19A}.Ad-Hoc|Any CPU.ActiveCfg = Debug|Any CPU
		{EE49C853-4D6A-420D-96C8-D4CBAEF0F19A}.Ad-Hoc|Any CPU.Build.0 = Debug|Any CPU
		{EE49C853-4D6A-420D-96C8-D4CBAEF0F19A}.Ad-Hoc|ARM.ActiveCfg = Debug|Any CPU
		{EE49C853-4D6A-420D-96C8-D4CBAEF0F19A}.Ad-Hoc|ARM.Build.0 = Debug|Any CPU
		{EE49C853-4D6A-420D-96C8-D4CBAEF0F19A}.Ad-Hoc|iPhone.ActiveCfg = Debug|Any CPU
		{EE49C853-4D6A-420D-96C8-D4CBAEF0F19A}.Ad-Hoc|iPhone.Build.0 = Debug|Any CPU
		{EE49C853-4D6A-420D-96C8-D4CBAEF0F19A}.Ad-Hoc|iPhoneSimulator.ActiveCfg = Debug|Any CPU
		{EE49C853-4D6A-420D-96C8-D4CBAEF0F19A}.Ad-Hoc|iPhoneSimulator.Build.0 = Debug|Any CPU
		{EE49C853-4D6A-420D-96C8-D4CBAEF0F19A}.Ad-Hoc|x64.ActiveCfg = Debug|Any CPU
		{EE49C853-4D6A-420D-96C8-D4CBAEF0F19A}.Ad-Hoc|x64.Build.0 = Debug|Any CPU
		{EE49C853-4D6A-420D-96C8-D4CBAEF0F19A}.Ad-Hoc|x86.ActiveCfg = Debug|Any CPU
		{EE49C853-4D6A-420D-96C8-D4CBAEF0F19A}.Ad-Hoc|x86.Build.0 = Debug|Any CPU
		{EE49C853-4D6A-420D-96C8-D4CBAEF0F19A}.AppStore|Any CPU.ActiveCfg = Debug|Any CPU
		{EE49C853-4D6A-420D-96C8-D4CBAEF0F19A}.AppStore|Any CPU.Build.0 = Debug|Any CPU
		{EE49C853-4D6A-420D-96C8-D4CBAEF0F19A}.AppStore|ARM.ActiveCfg = Debug|Any CPU
		{EE49C853-4D6A-420D-96C8-D4CBAEF0F19A}.AppStore|ARM.Build.0 = Debug|Any CPU
		{EE49C853-4D6A-420D-96C8-D4CBAEF0F19A}.AppStore|iPhone.ActiveCfg = Debug|Any CPU
		{EE49C853-4D6A-420D-96C8-D4CBAEF0F19A}.AppStore|iPhone.Build.0 = Debug|Any CPU
		{EE49C853-4D6A-420D-96C8-D4CBAEF0F19A}.AppStore|iPhoneSimulator.ActiveCfg = Debug|Any CPU
		{EE49C853-4D6A-420D-96C8-D4CBAEF0F19A}.AppStore|iPhoneSimulator.Build.0 = Debug|Any CPU
		{EE49C853-4D6A-420D-96C8-D4CBAEF0F19A}.AppStore|x64.ActiveCfg = Debug|Any CPU
		{EE49C853-4D6A-420D-96C8-D4CBAEF0F19A}.AppStore|x64.Build.0 = Debug|Any CPU
		{EE49C853-4D6A-420D-96C8-D4CBAEF0F19A}.AppStore|x86.ActiveCfg = Debug|Any CPU
		{EE49C853-4D6A-420D-96C8-D4CBAEF0F19A}.AppStore|x86.Build.0 = Debug|Any CPU
		{EE49C853-4D6A-420D-96C8-D4CBAEF0F19A}.Debug|Any CPU.ActiveCfg = Debug|Any CPU
		{EE49C853-4D6A-420D-96C8-D4CBAEF0F19A}.Debug|Any CPU.Build.0 = Debug|Any CPU
		{EE49C853-4D6A-420D-96C8-D4CBAEF0F19A}.Debug|ARM.ActiveCfg = Debug|Any CPU
		{EE49C853-4D6A-420D-96C8-D4CBAEF0F19A}.Debug|ARM.Build.0 = Debug|Any CPU
		{EE49C853-4D6A-420D-96C8-D4CBAEF0F19A}.Debug|iPhone.ActiveCfg = Debug|Any CPU
		{EE49C853-4D6A-420D-96C8-D4CBAEF0F19A}.Debug|iPhone.Build.0 = Debug|Any CPU
		{EE49C853-4D6A-420D-96C8-D4CBAEF0F19A}.Debug|iPhoneSimulator.ActiveCfg = Debug|Any CPU
		{EE49C853-4D6A-420D-96C8-D4CBAEF0F19A}.Debug|iPhoneSimulator.Build.0 = Debug|Any CPU
		{EE49C853-4D6A-420D-96C8-D4CBAEF0F19A}.Debug|x64.ActiveCfg = Debug|Any CPU
		{EE49C853-4D6A-420D-96C8-D4CBAEF0F19A}.Debug|x64.Build.0 = Debug|Any CPU
		{EE49C853-4D6A-420D-96C8-D4CBAEF0F19A}.Debug|x86.ActiveCfg = Debug|Any CPU
		{EE49C853-4D6A-420D-96C8-D4CBAEF0F19A}.Debug|x86.Build.0 = Debug|Any CPU
		{EE49C853-4D6A-420D-96C8-D4CBAEF0F19A}.Release|Any CPU.ActiveCfg = Release|Any CPU
		{EE49C853-4D6A-420D-96C8-D4CBAEF0F19A}.Release|Any CPU.Build.0 = Release|Any CPU
		{EE49C853-4D6A-420D-96C8-D4CBAEF0F19A}.Release|ARM.ActiveCfg = Release|Any CPU
		{EE49C853-4D6A-420D-96C8-D4CBAEF0F19A}.Release|ARM.Build.0 = Release|Any CPU
		{EE49C853-4D6A-420D-96C8-D4CBAEF0F19A}.Release|iPhone.ActiveCfg = Release|Any CPU
		{EE49C853-4D6A-420D-96C8-D4CBAEF0F19A}.Release|iPhone.Build.0 = Release|Any CPU
		{EE49C853-4D6A-420D-96C8-D4CBAEF0F19A}.Release|iPhoneSimulator.ActiveCfg = Release|Any CPU
		{EE49C853-4D6A-420D-96C8-D4CBAEF0F19A}.Release|iPhoneSimulator.Build.0 = Release|Any CPU
		{EE49C853-4D6A-420D-96C8-D4CBAEF0F19A}.Release|x64.ActiveCfg = Release|Any CPU
		{EE49C853-4D6A-420D-96C8-D4CBAEF0F19A}.Release|x64.Build.0 = Release|Any CPU
		{EE49C853-4D6A-420D-96C8-D4CBAEF0F19A}.Release|x86.ActiveCfg = Release|Any CPU
		{EE49C853-4D6A-420D-96C8-D4CBAEF0F19A}.Release|x86.Build.0 = Release|Any CPU
	EndGlobalSection
	GlobalSection(SolutionProperties) = preSolution
		HideSolutionNode = FALSE
	EndGlobalSection
	GlobalSection(ExtensibilityGlobals) = postSolution
		SolutionGuid = {77060B91-A2BF-49F5-B22E-3E3DA742A760}
	EndGlobalSection
EndGlobal
